<?xml version="1.0" encoding="utf-8"?>
<Project ToolsVersion="4.0" xmlns="http://schemas.microsoft.com/developer/msbuild/2003">
  <ItemGroup>
    <Filter Include="Source Files">
      <UniqueIdentifier>{4FC737F1-C7A5-4376-A066-2A32D752A2FF}</UniqueIdentifier>
      <Extensions>cpp;c;cc;cxx;def;odl;idl;hpj;bat;asm;asmx</Extensions>
    </Filter>
    <Filter Include="Header Files">
      <UniqueIdentifier>{93995380-89BD-4b04-88EB-625FBE52EBFB}</UniqueIdentifier>
      <Extensions>h;hh;hpp;hxx;hm;inl;inc;xsd</Extensions>
    </Filter>
    <Filter Include="Resource Files">
      <UniqueIdentifier>{67DA6AB6-F800-4c08-8B7A-83BB121AAD01}</UniqueIdentifier>
      <Extensions>rc;ico;cur;bmp;dlg;rc2;rct;bin;rgs;gif;jpg;jpeg;jpe;resx;tiff;tif;png;wav;mfcribbon-ms</Extensions>
    </Filter>
    <Filter Include="Header Files\Pokemon">
      <UniqueIdentifier>{3a2c5ddf-9aee-455a-ac5c-b48ed512bd44}</UniqueIdentifier>
    </Filter>
    <Filter Include="Header Files\Base Classes">
      <UniqueIdentifier>{120d1742-9a05-44d0-9857-8a29750e15de}</UniqueIdentifier>
    </Filter>
    <Filter Include="Header Files\Util">
      <UniqueIdentifier>{fd0dcb71-5959-43f1-b35a-ee569aaf1a71}</UniqueIdentifier>
    </Filter>
    <Filter Include="Source Files\Base Classes">
      <UniqueIdentifier>{fb394048-14ed-4327-a896-a82818a038fc}</UniqueIdentifier>
    </Filter>
    <Filter Include="Source Files\Pokemon">
      <UniqueIdentifier>{8ff45632-2890-458e-a5b6-fb66a568d155}</UniqueIdentifier>
    </Filter>
    <Filter Include="Header Files\Moves">
      <UniqueIdentifier>{b8221d49-79e0-464a-8d66-d4089b698435}</UniqueIdentifier>
    </Filter>
  </ItemGroup>
  <ItemGroup>
    <ClInclude Include="Slowbro.h">
      <Filter>Header Files\Pokemon</Filter>
    </ClInclude>
    <ClInclude Include="Pokemon.h">
      <Filter>Header Files\Base Classes</Filter>
    </ClInclude>
    <ClInclude Include="Move.h">
      <Filter>Header Files\Base Classes</Filter>
    </ClInclude>
    <ClInclude Include="Type.h">
      <Filter>Header Files\Util</Filter>
    </ClInclude>
    <ClInclude Include="Charizard.h">
      <Filter>Header Files\Pokemon</Filter>
    </ClInclude>
    <ClInclude Include="Surf.h">
      <Filter>Header Files\Moves</Filter>
    </ClInclude>
    <ClInclude Include="SlackOff.h">
      <Filter>Header Files\Moves</Filter>
    </ClInclude>
    <ClInclude Include="Psychic.h">
      <Filter>Header Files\Moves</Filter>
    </ClInclude>
    <ClInclude Include="IceBeam.h">
      <Filter>Header Files\Moves</Filter>
    </ClInclude>
    <ClInclude Include="FireBlast.h">
      <Filter>Header Files\Moves</Filter>
    </ClInclude>
    <ClInclude Include="Slash.h">
      <Filter>Header Files\Moves</Filter>
    </ClInclude>
    <ClInclude Include="Bite.h">
      <Filter>Header Files\Moves</Filter>
    </ClInclude>
    <ClInclude Include="AirCutter.h">
      <Filter>Header Files\Moves</Filter>
    </ClInclude>
    <ClInclude Include="BattleManager.h">
      <Filter>Header Files\Util</Filter>
    </ClInclude>
    <ClInclude Include="Agility.h">
      <Filter>Header Files\Moves</Filter>
    </ClInclude>
  </ItemGroup>
  <ItemGroup>
    <ClCompile Include="main.cpp">
      <Filter>Source Files</Filter>
    </ClCompile>
    <ClCompile Include="Pokemon.cpp">
      <Filter>Source Files\Base Classes</Filter>
    </ClCompile>
    <ClCompile Include="BattleManager.cpp">
      <Filter>Source Files</Filter>
    </ClCompile>
  </ItemGroup>
</Project>